
Microsoft Visual Studio Solution File, Format Version 12.00
# Visual Studio Version 17
VisualStudioVersion = 17.4.33213.308
MinimumVisualStudioVersion = 10.0.40219.1
Project("{FAE04EC0-301F-11D3-BF4B-00C04F79EFBC}") = "azimzada.com", "azimzada.com\azimzada.com.csproj", "{DC8335BB-C4D0-4C0E-9A1C-9B3487ACAE7E}"
EndProject
Global
	GlobalSection(SolutionConfigurationPlatforms) = preSolution
		Debug|Any CPU = Debug|Any CPU
		Release|Any CPU = Release|Any CPU
	EndGlobalSection
	GlobalSection(ProjectConfigurationPlatforms) = postSolution
		{DC8335BB-C4D0-4C0E-9A1C-9B3487ACAE7E}.Debug|Any CPU.ActiveCfg = Debug|Any CPU
		{DC8335BB-C4D0-4C0E-9A1C-9B3487ACAE7E}.Debug|Any CPU.Build.0 = Debug|Any CPU
		{DC8335BB-C4D0-4C0E-9A1C-9B3487ACAE7E}.Release|Any CPU.ActiveCfg = Release|Any CPU
		{DC8335BB-C4D0-4C0E-9A1C-9B3487ACAE7E}.Release|Any CPU.Build.0 = Release|Any CPU
	EndGlobalSection
	GlobalSection(SolutionProperties) = preSolution
		HideSolutionNode = FALSE
	EndGlobalSection
	GlobalSection(ExtensibilityGlobals) = postSolution
		SolutionGuid = {1D4BC6CF-7C0A-438E-8F45-49F856FF008C}
	EndGlobalSection
EndGlobal
